// !$*UTF8*$!
{
	archiveVersion = 1;
	classes = {
	};
	objectVersion = 56;
	objects = {

/* Begin PBXBuildFile section */
		B30E7D792A4CFB6A00E4388E /* MinuteMath_SwiftUIApp.swift in Sources */ = {isa = PBXBuildFile; fileRef = B30E7D782A4CFB6A00E4388E /* MinuteMath_SwiftUIApp.swift */; };
		B30E7D7B2A4CFB6A00E4388E /* ContentView.swift in Sources */ = {isa = PBXBuildFile; fileRef = B30E7D7A2A4CFB6A00E4388E /* ContentView.swift */; };
		B30E7D7D2A4CFB6C00E4388E /* Assets.xcassets in Resources */ = {isa = PBXBuildFile; fileRef = B30E7D7C2A4CFB6C00E4388E /* Assets.xcassets */; };
		B30E7D802A4CFB6C00E4388E /* Preview Assets.xcassets in Resources */ = {isa = PBXBuildFile; fileRef = B30E7D7F2A4CFB6C00E4388E /* Preview Assets.xcassets */; };
		B30E7D852A4CFB6C00E4388E /* MinuteMath_SwiftUI.xcdatamodeld in Sources */ = {isa = PBXBuildFile; fileRef = B30E7D832A4CFB6C00E4388E /* MinuteMath_SwiftUI.xcdatamodeld */; };
		B30E7D8C2A4D029900E4388E /* SelectSet.swift in Sources */ = {isa = PBXBuildFile; fileRef = B30E7D8B2A4D029900E4388E /* SelectSet.swift */; };
		B328BFED2A53464B004C96A4 /* State.swift in Sources */ = {isa = PBXBuildFile; fileRef = B328BFEC2A53464B004C96A4 /* State.swift */; };
		B328BFEF2A535571004C96A4 /* SetManager.swift in Sources */ = {isa = PBXBuildFile; fileRef = B328BFEE2A535571004C96A4 /* SetManager.swift */; };
		B328BFF32A535C6B004C96A4 /* MCQuestionView.swift in Sources */ = {isa = PBXBuildFile; fileRef = B328BFF22A535C6B004C96A4 /* MCQuestionView.swift */; };
		B3B220572A4D062C0049DF80 /* Sets.swift in Sources */ = {isa = PBXBuildFile; fileRef = B3B220562A4D062C0049DF80 /* Sets.swift */; };
		B3B220592A4D07110049DF80 /* arithmetic.png in Resources */ = {isa = PBXBuildFile; fileRef = B3B220582A4D07110049DF80 /* arithmetic.png */; };
		B3B2205B2A4D193A0049DF80 /* DifficultyPicker.swift in Sources */ = {isa = PBXBuildFile; fileRef = B3B2205A2A4D193A0049DF80 /* DifficultyPicker.swift */; };
		B3B220642A4E51270049DF80 /* QuestionView.swift in Sources */ = {isa = PBXBuildFile; fileRef = B3B220632A4E51270049DF80 /* QuestionView.swift */; };
		B3B220662A4E60BF0049DF80 /* Colors.swift in Sources */ = {isa = PBXBuildFile; fileRef = B3B220652A4E60BF0049DF80 /* Colors.swift */; };
		B3B220792A5096240049DF80 /* QuestionSet.swift in Sources */ = {isa = PBXBuildFile; fileRef = B3B220782A5096240049DF80 /* QuestionSet.swift */; };
/* End PBXBuildFile section */

/* Begin PBXFileReference section */
		B30E7D752A4CFB6A00E4388E /* MinuteMath-SwiftUI.app */ = {isa = PBXFileReference; explicitFileType = wrapper.application; includeInIndex = 0; path = "MinuteMath-SwiftUI.app"; sourceTree = BUILT_PRODUCTS_DIR; };
		B30E7D782A4CFB6A00E4388E /* MinuteMath_SwiftUIApp.swift */ = {isa = PBXFileReference; lastKnownFileType = sourcecode.swift; path = MinuteMath_SwiftUIApp.swift; sourceTree = "<group>"; };
		B30E7D7A2A4CFB6A00E4388E /* ContentView.swift */ = {isa = PBXFileReference; lastKnownFileType = sourcecode.swift; path = ContentView.swift; sourceTree = "<group>"; };
		B30E7D7C2A4CFB6C00E4388E /* Assets.xcassets */ = {isa = PBXFileReference; lastKnownFileType = folder.assetcatalog; path = Assets.xcassets; sourceTree = "<group>"; };
		B30E7D7F2A4CFB6C00E4388E /* Preview Assets.xcassets */ = {isa = PBXFileReference; lastKnownFileType = folder.assetcatalog; path = "Preview Assets.xcassets"; sourceTree = "<group>"; };
		B30E7D842A4CFB6C00E4388E /* MinuteMath_SwiftUI.xcdatamodel */ = {isa = PBXFileReference; lastKnownFileType = wrapper.xcdatamodel; path = MinuteMath_SwiftUI.xcdatamodel; sourceTree = "<group>"; };
		B30E7D8B2A4D029900E4388E /* SelectSet.swift */ = {isa = PBXFileReference; lastKnownFileType = sourcecode.swift; path = SelectSet.swift; sourceTree = "<group>"; };
		B328BFEC2A53464B004C96A4 /* State.swift */ = {isa = PBXFileReference; lastKnownFileType = sourcecode.swift; path = State.swift; sourceTree = "<group>"; };
		B328BFEE2A535571004C96A4 /* SetManager.swift */ = {isa = PBXFileReference; lastKnownFileType = sourcecode.swift; path = SetManager.swift; sourceTree = "<group>"; };
		B328BFF22A535C6B004C96A4 /* MCQuestionView.swift */ = {isa = PBXFileReference; lastKnownFileType = sourcecode.swift; path = MCQuestionView.swift; sourceTree = "<group>"; };
		B3B220562A4D062C0049DF80 /* Sets.swift */ = {isa = PBXFileReference; lastKnownFileType = sourcecode.swift; path = Sets.swift; sourceTree = "<group>"; };
		B3B220582A4D07110049DF80 /* arithmetic.png */ = {isa = PBXFileReference; lastKnownFileType = image.png; name = arithmetic.png; path = ../../arithmetic.png; sourceTree = "<group>"; };
		B3B2205A2A4D193A0049DF80 /* DifficultyPicker.swift */ = {isa = PBXFileReference; lastKnownFileType = sourcecode.swift; path = DifficultyPicker.swift; sourceTree = "<group>"; };
		B3B220632A4E51270049DF80 /* QuestionView.swift */ = {isa = PBXFileReference; lastKnownFileType = sourcecode.swift; path = QuestionView.swift; sourceTree = "<group>"; };
		B3B220652A4E60BF0049DF80 /* Colors.swift */ = {isa = PBXFileReference; lastKnownFileType = sourcecode.swift; path = Colors.swift; sourceTree = "<group>"; };
		B3B220782A5096240049DF80 /* QuestionSet.swift */ = {isa = PBXFileReference; lastKnownFileType = sourcecode.swift; path = QuestionSet.swift; sourceTree = "<group>"; };
/* End PBXFileReference section */

/* Begin PBXFrameworksBuildPhase section */
		B30E7D722A4CFB6A00E4388E /* Frameworks */ = {
			isa = PBXFrameworksBuildPhase;
			buildActionMask = 2147483647;
			files = (
			);
			runOnlyForDeploymentPostprocessing = 0;
		};
/* End PBXFrameworksBuildPhase section */

/* Begin PBXGroup section */
		B30E7D6C2A4CFB6A00E4388E = {
			isa = PBXGroup;
			children = (
				B30E7D772A4CFB6A00E4388E /* MinuteMath-SwiftUI */,
				B30E7D762A4CFB6A00E4388E /* Products */,
			);
			sourceTree = "<group>";
		};
		B30E7D762A4CFB6A00E4388E /* Products */ = {
			isa = PBXGroup;
			children = (
				B30E7D752A4CFB6A00E4388E /* MinuteMath-SwiftUI.app */,
			);
			name = Products;
			sourceTree = "<group>";
		};
		B30E7D772A4CFB6A00E4388E /* MinuteMath-SwiftUI */ = {
			isa = PBXGroup;
			children = (
				B328BFEB2A53463F004C96A4 /* state */,
				B3B220552A4D06120049DF80 /* data */,
				B30E7D8D2A4D02A800E4388E /* views */,
				B30E7D782A4CFB6A00E4388E /* MinuteMath_SwiftUIApp.swift */,
				B30E7D7A2A4CFB6A00E4388E /* ContentView.swift */,
				B30E7D7C2A4CFB6C00E4388E /* Assets.xcassets */,
				B3B220582A4D07110049DF80 /* arithmetic.png */,
				B30E7D832A4CFB6C00E4388E /* MinuteMath_SwiftUI.xcdatamodeld */,
				B30E7D7E2A4CFB6C00E4388E /* Preview Content */,
				B3B220652A4E60BF0049DF80 /* Colors.swift */,
			);
			path = "MinuteMath-SwiftUI";
			sourceTree = "<group>";
		};
		B30E7D7E2A4CFB6C00E4388E /* Preview Content */ = {
			isa = PBXGroup;
			children = (
				B30E7D7F2A4CFB6C00E4388E /* Preview Assets.xcassets */,
			);
			path = "Preview Content";
			sourceTree = "<group>";
		};
		B30E7D8D2A4D02A800E4388E /* views */ = {
			isa = PBXGroup;
			children = (
				B30E7D8B2A4D029900E4388E /* SelectSet.swift */,
				B3B2205A2A4D193A0049DF80 /* DifficultyPicker.swift */,
				B3B220632A4E51270049DF80 /* QuestionView.swift */,
				B328BFF22A535C6B004C96A4 /* MCQuestionView.swift */,
			);
			path = views;
			sourceTree = "<group>";
		};
		B328BFEB2A53463F004C96A4 /* state */ = {
			isa = PBXGroup;
			children = (
				B328BFEC2A53464B004C96A4 /* State.swift */,
				B328BFEE2A535571004C96A4 /* SetManager.swift */,
			);
			path = state;
			sourceTree = "<group>";
		};
		B3B220552A4D06120049DF80 /* data */ = {
			isa = PBXGroup;
			children = (
				B3B220562A4D062C0049DF80 /* Sets.swift */,
				B3B220782A5096240049DF80 /* QuestionSet.swift */,
			);
			path = data;
			sourceTree = "<group>";
		};
/* End PBXGroup section */

/* Begin PBXNativeTarget section */
		B30E7D742A4CFB6A00E4388E /* MinuteMath-SwiftUI */ = {
			isa = PBXNativeTarget;
			buildConfigurationList = B30E7D882A4CFB6C00E4388E /* Build configuration list for PBXNativeTarget "MinuteMath-SwiftUI" */;
			buildPhases = (
				B30E7D712A4CFB6A00E4388E /* Sources */,
				B30E7D722A4CFB6A00E4388E /* Frameworks */,
				B30E7D732A4CFB6A00E4388E /* Resources */,
			);
			buildRules = (
			);
			dependencies = (
			);
			name = "MinuteMath-SwiftUI";
			productName = "MinuteMath-SwiftUI";
			productReference = B30E7D752A4CFB6A00E4388E /* MinuteMath-SwiftUI.app */;
			productType = "com.apple.product-type.application";
		};
/* End PBXNativeTarget section */

/* Begin PBXProject section */
		B30E7D6D2A4CFB6A00E4388E /* Project object */ = {
			isa = PBXProject;
			attributes = {
				BuildIndependentTargetsInParallel = 1;
				LastSwiftUpdateCheck = 1430;
				LastUpgradeCheck = 1430;
				TargetAttributes = {
					B30E7D742A4CFB6A00E4388E = {
						CreatedOnToolsVersion = 14.3.1;
					};
				};
			};
			buildConfigurationList = B30E7D702A4CFB6A00E4388E /* Build configuration list for PBXProject "MinuteMath-SwiftUI" */;
			compatibilityVersion = "Xcode 14.0";
			developmentRegion = en;
			hasScannedForEncodings = 0;
			knownRegions = (
				en,
				Base,
			);
			mainGroup = B30E7D6C2A4CFB6A00E4388E;
			productRefGroup = B30E7D762A4CFB6A00E4388E /* Products */;
			projectDirPath = "";
			projectRoot = "";
			targets = (
				B30E7D742A4CFB6A00E4388E /* MinuteMath-SwiftUI */,
			);
		};
/* End PBXProject section */

/* Begin PBXResourcesBuildPhase section */
		B30E7D732A4CFB6A00E4388E /* Resources */ = {
			isa = PBXResourcesBuildPhase;
			buildActionMask = 2147483647;
			files = (
				B30E7D802A4CFB6C00E4388E /* Preview Assets.xcassets in Resources */,
				B30E7D7D2A4CFB6C00E4388E /* Assets.xcassets in Resources */,
				B3B220592A4D07110049DF80 /* arithmetic.png in Resources */,
			);
			runOnlyForDeploymentPostprocessing = 0;
		};
/* End PBXResourcesBuildPhase section */

/* Begin PBXSourcesBuildPhase section */
		B30E7D712A4CFB6A00E4388E /* Sources */ = {
			isa = PBXSourcesBuildPhase;
			buildActionMask = 2147483647;
			files = (
				B30E7D852A4CFB6C00E4388E /* MinuteMath_SwiftUI.xcdatamodeld in Sources */,
				B3B220662A4E60BF0049DF80 /* Colors.swift in Sources */,
				B328BFF32A535C6B004C96A4 /* MCQuestionView.swift in Sources */,
				B30E7D7B2A4CFB6A00E4388E /* ContentView.swift in Sources */,
				B328BFEF2A535571004C96A4 /* SetManager.swift in Sources */,
				B328BFED2A53464B004C96A4 /* State.swift in Sources */,
				B3B220572A4D062C0049DF80 /* Sets.swift in Sources */,
				B3B220642A4E51270049DF80 /* QuestionView.swift in Sources */,
				B30E7D8C2A4D029900E4388E /* SelectSet.swift in Sources */,
				B3B2205B2A4D193A0049DF80 /* DifficultyPicker.swift in Sources */,
				B30E7D792A4CFB6A00E4388E /* MinuteMath_SwiftUIApp.swift in Sources */,
				B3B220792A5096240049DF80 /* QuestionSet.swift in Sources */,
			);
			runOnlyForDeploymentPostprocessing = 0;
		};
/* End PBXSourcesBuildPhase section */

/* Begin XCBuildConfiguration section */
		B30E7D862A4CFB6C00E4388E /* Debug */ = {
			isa = XCBuildConfiguration;
			buildSettings = {
				ALWAYS_SEARCH_USER_PATHS = NO;
				CLANG_ANALYZER_NONNULL = YES;
				CLANG_ANALYZER_NUMBER_OBJECT_CONVERSION = YES_AGGRESSIVE;
				CLANG_CXX_LANGUAGE_STANDARD = "gnu++20";
				CLANG_ENABLE_MODULES = YES;
				CLANG_ENABLE_OBJC_ARC = YES;
				CLANG_ENABLE_OBJC_WEAK = YES;
				CLANG_WARN_BLOCK_CAPTURE_AUTORELEASING = YES;
				CLANG_WARN_BOOL_CONVERSION = YES;
				CLANG_WARN_COMMA = YES;
				CLANG_WARN_CONSTANT_CONVERSION = YES;
				CLANG_WARN_DEPRECATED_OBJC_IMPLEMENTATIONS = YES;
				CLANG_WARN_DIRECT_OBJC_ISA_USAGE = YES_ERROR;
				CLANG_WARN_DOCUMENTATION_COMMENTS = YES;
				CLANG_WARN_EMPTY_BODY = YES;
				CLANG_WARN_ENUM_CONVERSION = YES;
				CLANG_WARN_INFINITE_RECURSION = YES;
				CLANG_WARN_INT_CONVERSION = YES;
				CLANG_WARN_NON_LITERAL_NULL_CONVERSION = YES;
				CLANG_WARN_OBJC_IMPLICIT_RETAIN_SELF = YES;
				CLANG_WARN_OBJC_LITERAL_CONVERSION = YES;
				CLANG_WARN_OBJC_ROOT_CLASS = YES_ERROR;
				CLANG_WARN_QUOTED_INCLUDE_IN_FRAMEWORK_HEADER = YES;
				CLANG_WARN_RANGE_LOOP_ANALYSIS = YES;
				CLANG_WARN_STRICT_PROTOTYPES = YES;
				CLANG_WARN_SUSPICIOUS_MOVE = YES;
				CLANG_WARN_UNGUARDED_AVAILABILITY = YES_AGGRESSIVE;
				CLANG_WARN_UNREACHABLE_CODE = YES;
				CLANG_WARN__DUPLICATE_METHOD_MATCH = YES;
				COPY_PHASE_STRIP = NO;
				DEBUG_INFORMATION_FORMAT = dwarf;
				ENABLE_STRICT_OBJC_MSGSEND = YES;
				ENABLE_TESTABILITY = YES;
				GCC_C_LANGUAGE_STANDARD = gnu11;
				GCC_DYNAMIC_NO_PIC = NO;
				GCC_NO_COMMON_BLOCKS = YES;
				GCC_OPTIMIZATION_LEVEL = 0;
				GCC_PREPROCESSOR_DEFINITIONS = (
					"DEBUG=1",
					"$(inherited)",
				);
				GCC_WARN_64_TO_32_BIT_CONVERSION = YES;
				GCC_WARN_ABOUT_RETURN_TYPE = YES_ERROR;
				GCC_WARN_UNDECLARED_SELECTOR = YES;
				GCC_WARN_UNINITIALIZED_AUTOS = YES_AGGRESSIVE;
				GCC_WARN_UNUSED_FUNCTION = YES;
				GCC_WARN_UNUSED_VARIABLE = YES;
				IPHONEOS_DEPLOYMENT_TARGET = 16.4;
				MTL_ENABLE_DEBUG_INFO = INCLUDE_SOURCE;
				MTL_FAST_MATH = YES;
				ONLY_ACTIVE_ARCH = YES;
				SDKROOT = iphoneos;
				SWIFT_ACTIVE_COMPILATION_CONDITIONS = DEBUG;
				SWIFT_OPTIMIZATION_LEVEL = "-Onone";
			};
			name = Debug;
		};
		B30E7D872A4CFB6C00E4388E /* Release */ = {
			isa = XCBuildConfiguration;
			buildSettings = {
				ALWAYS_SEARCH_USER_PATHS = NO;
				CLANG_ANALYZER_NONNULL = YES;
				CLANG_ANALYZER_NUMBER_OBJECT_CONVERSION = YES_AGGRESSIVE;
				CLANG_CXX_LANGUAGE_STANDARD = "gnu++20";
				CLANG_ENABLE_MODULES = YES;
				CLANG_ENABLE_OBJC_ARC = YES;
				CLANG_ENABLE_OBJC_WEAK = YES;
				CLANG_WARN_BLOCK_CAPTURE_AUTORELEASING = YES;
				CLANG_WARN_BOOL_CONVERSION = YES;
				CLANG_WARN_COMMA = YES;
				CLANG_WARN_CONSTANT_CONVERSION = YES;
				CLANG_WARN_DEPRECATED_OBJC_IMPLEMENTATIONS = YES;
				CLANG_WARN_DIRECT_OBJC_ISA_USAGE = YES_ERROR;
				CLANG_WARN_DOCUMENTATION_COMMENTS = YES;
				CLANG_WARN_EMPTY_BODY = YES;
				CLANG_WARN_ENUM_CONVERSION = YES;
				CLANG_WARN_INFINITE_RECURSION = YES;
				CLANG_WARN_INT_CONVERSION = YES;
				CLANG_WARN_NON_LITERAL_NULL_CONVERSION = YES;
				CLANG_WARN_OBJC_IMPLICIT_RETAIN_SELF = YES;
				CLANG_WARN_OBJC_LITERAL_CONVERSION = YES;
				CLANG_WARN_OBJC_ROOT_CLASS = YES_ERROR;
				CLANG_WARN_QUOTED_INCLUDE_IN_FRAMEWORK_HEADER = YES;
				CLANG_WARN_RANGE_LOOP_ANALYSIS = YES;
				CLANG_WARN_STRICT_PROTOTYPES = YES;
				CLANG_WARN_SUSPICIOUS_MOVE = YES;
				CLANG_WARN_UNGUARDED_AVAILABILITY = YES_AGGRESSIVE;
				CLANG_WARN_UNREACHABLE_CODE = YES;
				CLANG_WARN__DUPLICATE_METHOD_MATCH = YES;
				COPY_PHASE_STRIP = NO;
				DEBUG_INFORMATION_FORMAT = "dwarf-with-dsym";
				ENABLE_NS_ASSERTIONS = NO;
				ENABLE_STRICT_OBJC_MSGSEND = YES;
				GCC_C_LANGUAGE_STANDARD = gnu11;
				GCC_NO_COMMON_BLOCKS = YES;
				GCC_WARN_64_TO_32_BIT_CONVERSION = YES;
				GCC_WARN_ABOUT_RETURN_TYPE = YES_ERROR;
				GCC_WARN_UNDECLARED_SELECTOR = YES;
				GCC_WARN_UNINITIALIZED_AUTOS = YES_AGGRESSIVE;
				GCC_WARN_UNUSED_FUNCTION = YES;
				GCC_WARN_UNUSED_VARIABLE = YES;
				IPHONEOS_DEPLOYMENT_TARGET = 16.4;
				MTL_ENABLE_DEBUG_INFO = NO;
				MTL_FAST_MATH = YES;
				SDKROOT = iphoneos;
				SWIFT_COMPILATION_MODE = wholemodule;
				SWIFT_OPTIMIZATION_LEVEL = "-O";
				VALIDATE_PRODUCT = YES;
			};
			name = Release;
		};
		B30E7D892A4CFB6C00E4388E /* Debug */ = {
			isa = XCBuildConfiguration;
			buildSettings = {
				ASSETCATALOG_COMPILER_APPICON_NAME = AppIcon;
				ASSETCATALOG_COMPILER_GLOBAL_ACCENT_COLOR_NAME = AccentColor;
				CODE_SIGN_STYLE = Automatic;
				CURRENT_PROJECT_VERSION = 1;
				DEVELOPMENT_ASSET_PATHS = "\"MinuteMath-SwiftUI/Preview Content\"";
				DEVELOPMENT_TEAM = CMADG2L3X7;
				ENABLE_PREVIEWS = YES;
				GENERATE_INFOPLIST_FILE = YES;
				INFOPLIST_KEY_UIApplicationSceneManifest_Generation = YES;
				INFOPLIST_KEY_UIApplicationSupportsIndirectInputEvents = YES;
				INFOPLIST_KEY_UILaunchScreen_Generation = YES;
				INFOPLIST_KEY_UISupportedInterfaceOrientations_iPad = "UIInterfaceOrientationPortrait UIInterfaceOrientationPortraitUpsideDown UIInterfaceOrientationLandscapeLeft UIInterfaceOrientationLandscapeRight";
				INFOPLIST_KEY_UISupportedInterfaceOrientations_iPhone = "UIInterfaceOrientationPortrait UIInterfaceOrientationLandscapeLeft UIInterfaceOrientationLandscapeRight";
				LD_RUNPATH_SEARCH_PATHS = (
					"$(inherited)",
					"@executable_path/Frameworks",
				);
				MARKETING_VERSION = 1.0;
				PRODUCT_BUNDLE_IDENTIFIER = "com.connorreed.com.MinuteMath-SwiftUI";
				PRODUCT_NAME = "$(TARGET_NAME)";
				SWIFT_EMIT_LOC_STRINGS = YES;
				SWIFT_VERSION = 5.0;
				TARGETED_DEVICE_FAMILY = "1,2";
			};
			name = Debug;
		};
		B30E7D8A2A4CFB6C00E4388E /* Release */ = {
			isa = XCBuildConfiguration;
			buildSettings = {
				ASSETCATALOG_COMPILER_APPICON_NAME = AppIcon;
				ASSETCATALOG_COMPILER_GLOBAL_ACCENT_COLOR_NAME = AccentColor;
				CODE_SIGN_STYLE = Automatic;
				CURRENT_PROJECT_VERSION = 1;
				DEVELOPMENT_ASSET_PATHS = "\"MinuteMath-SwiftUI/Preview Content\"";
				DEVELOPMENT_TEAM = CMADG2L3X7;
				ENABLE_PREVIEWS = YES;
				GENERATE_INFOPLIST_FILE = YES;
				INFOPLIST_KEY_UIApplicationSceneManifest_Generation = YES;
				INFOPLIST_KEY_UIApplicationSupportsIndirectInputEvents = YES;
				INFOPLIST_KEY_UILaunchScreen_Generation = YES;
				INFOPLIST_KEY_UISupportedInterfaceOrientations_iPad = "UIInterfaceOrientationPortrait UIInterfaceOrientationPortraitUpsideDown UIInterfaceOrientationLandscapeLeft UIInterfaceOrientationLandscapeRight";
				INFOPLIST_KEY_UISupportedInterfaceOrientations_iPhone = "UIInterfaceOrientationPortrait UIInterfaceOrientationLandscapeLeft UIInterfaceOrientationLandscapeRight";
				LD_RUNPATH_SEARCH_PATHS = (
					"$(inherited)",
					"@executable_path/Frameworks",
				);
				MARKETING_VERSION = 1.0;
				PRODUCT_BUNDLE_IDENTIFIER = "com.connorreed.com.MinuteMath-SwiftUI";
				PRODUCT_NAME = "$(TARGET_NAME)";
				SWIFT_EMIT_LOC_STRINGS = YES;
				SWIFT_VERSION = 5.0;
				TARGETED_DEVICE_FAMILY = "1,2";
			};
			name = Release;
		};
/* End XCBuildConfiguration section */

/* Begin XCConfigurationList section */
		B30E7D702A4CFB6A00E4388E /* Build configuration list for PBXProject "MinuteMath-SwiftUI" */ = {
			isa = XCConfigurationList;
			buildConfigurations = (
				B30E7D862A4CFB6C00E4388E /* Debug */,
				B30E7D872A4CFB6C00E4388E /* Release */,
			);
			defaultConfigurationIsVisible = 0;
			defaultConfigurationName = Release;
		};
		B30E7D882A4CFB6C00E4388E /* Build configuration list for PBXNativeTarget "MinuteMath-SwiftUI" */ = {
			isa = XCConfigurationList;
			buildConfigurations = (
				B30E7D892A4CFB6C00E4388E /* Debug */,
				B30E7D8A2A4CFB6C00E4388E /* Release */,
			);
			defaultConfigurationIsVisible = 0;
			defaultConfigurationName = Release;
		};
/* End XCConfigurationList section */

/* Begin XCVersionGroup section */
		B30E7D832A4CFB6C00E4388E /* MinuteMath_SwiftUI.xcdatamodeld */ = {
			isa = XCVersionGroup;
			children = (
				B30E7D842A4CFB6C00E4388E /* MinuteMath_SwiftUI.xcdatamodel */,
			);
			currentVersion = B30E7D842A4CFB6C00E4388E /* MinuteMath_SwiftUI.xcdatamodel */;
			path = MinuteMath_SwiftUI.xcdatamodeld;
			sourceTree = "<group>";
			versionGroupType = wrapper.xcdatamodel;
		};
/* End XCVersionGroup section */
	};
	rootObject = B30E7D6D2A4CFB6A00E4388E /* Project object */;
}
